github.com/FortAwesome/Font-Awesome v0.0.0-20240402185447-c0f460dca7f7 h1:2aWEKCRLqQ9nPyXaz4/IYtRrDr3PzEiX0DUSUr2/EDs=
github.com/FortAwesome/Font-Awesome v0.0.0-20240402185447-c0f460dca7f7/go.mod h1:IUgezN/MFpCDIlFezw3L8j83oeiIuYoj28Miwr/KUYo=
github.com/cjshearer/modern-hugo-resume v0.0.0-20251224154537-1370f6919ec2 h1:/5AjCVvAjPhKa0reMDXhPHY5Nf6D0n6Mm4BQKMq+Y3s=
github.com/cjshearer/modern-hugo-resume v0.0.0-20251224154537-1370f6919ec2/go.mod h1:I/Lt4DZ6PP7rEkKtEOh+vCfj9leKAyomHXpzewJd53o=
